{
  "version": 2,
  "packages": {
    "taskpools": {
      "version": "0.1.0",
      "vcsRevision": "9e8ccc754631ac55ac2fd495e167e74e86293edb",
      "url": "https://github.com/status-im/nim-taskpools",
      "downloadMethod": "git",
      "dependencies": [],
      "checksums": {
        "sha1": "09e1b2fdad55b973724d61227971afc0df0b7a81"
      }
    }
  },
  "tasks": {}
}
