{
  "version": 2,
  "packages": {
    "chronicles": {
      "version": "0.12.2",
      "vcsRevision": "27ec507429a4eb81edc20f28292ee8ec420be05b",
      "url": "https://github.com/status-im/nim-chronicles",
      "downloadMethod": "git",
      "dependencies": [],
      "checksums": {
        "sha1": "02febb20d088120b2836d3306cfa21f434f88f65"
      }
    },
    "nimcrypto": {
      "version": "0.7.3",
      "vcsRevision": "b3dbc9c4d08e58c5b7bfad6dc7ef2ee52f2f4c08",
      "url": "https://github.com/cheatfate/nimcrypto",
      "downloadMethod": "git",
      "dependencies": [],
      "checksums": {
        "sha1": "f72b90fe3f4da09efa482de4f8729e7ee4abea2f"
      }
    }
  },
  "tasks": {}
}
