{
  "version": 2,
  "packages": {
    "nim": {
      "version": "2.2.10",
      "vcsRevision": "9fe2137fa2f3f66cf5a44f357d461829ac9e20c4",
      "url": "https://github.com/nim-lang/Nim.git",
      "downloadMethod": "git",
      "dependencies": [],
      "checksums": {
        "sha1": "19c7dc767547c8c8252f4f26f5853ca574f41eb7"
      }
    },
    "unittest2": {
      "version": "0.2.5",
      "vcsRevision": "26f2ef3ae0ec72a2a75bfe557e02e88f6a31c189",
      "url": "https://github.com/status-im/nim-unittest2",
      "downloadMethod": "git",
      "dependencies": [
        "nim"
      ],
      "checksums": {
        "sha1": "02bb3751ba9ddc3c17bfd89f2e41cb6bfb8fc0c9"
      }
    }
  },
  "tasks": {}
}
