{
  "version": 2,
  "packages": {
    "libbacktrace": {
      "version": "0.2.0",
      "vcsRevision": "af60500cb0383231065f1d6624beeeefa308d085",
      "url": "https://github.com/status-im/nim-libbacktrace",
      "downloadMethod": "git",
      "dependencies": [
        "nim"
      ],
      "checksums": {
        "sha1": "03deb5b6d5eb047f468b9c31ea1db640f8096bfd"
      }
    },
    "unittest2": {
      "version": "0.2.5",
      "vcsRevision": "26f2ef3ae0ec72a2a75bfe557e02e88f6a31c189",
      "url": "https://github.com/status-im/nim-unittest2",
      "downloadMethod": "git",
      "dependencies": [
        "nim"
      ],
      "checksums": {
        "sha1": "02bb3751ba9ddc3c17bfd89f2e41cb6bfb8fc0c9"
      }
    }
  },
  "tasks": {}
}
